// !$*UTF8*$!
{
	archiveVersion = 1;
	classes = {
	};
	objectVersion = 46;
	objects = {

/* Begin PBXBuildFile section */
		3EAC24D01BE2C378007834DA /* AppDelegate.swift in Sources */ = {isa = PBXBuildFile; fileRef = 3EAC24CF1BE2C378007834DA /* AppDelegate.swift */; };
		3EAC24D21BE2C378007834DA /* ViewController.swift in Sources */ = {isa = PBXBuildFile; fileRef = 3EAC24D11BE2C378007834DA /* ViewController.swift */; };
		3EAC24D51BE2C378007834DA /* Main.storyboard in Resources */ = {isa = PBXBuildFile; fileRef = 3EAC24D31BE2C378007834DA /* Main.storyboard */; };
		3EAC24D71BE2C378007834DA /* Assets.xcassets in Resources */ = {isa = PBXBuildFile; fileRef = 3EAC24D61BE2C378007834DA /* Assets.xcassets */; };
		3EAC24DA1BE2C378007834DA /* LaunchScreen.storyboard in Resources */ = {isa = PBXBuildFile; fileRef = 3EAC24D81BE2C378007834DA /* LaunchScreen.storyboard */; };
/* End PBXBuildFile section */

/* Begin PBXFileReference section */
		3EAC24CC1BE2C378007834DA /* FMHierarchicalSelector.app */ = {isa = PBXFileReference; explicitFileType = wrapper.application; includeInIndex = 0; path = FMHierarchicalSelector.app; sourceTree = BUILT_PRODUCTS_DIR; };
		3EAC24CF1BE2C378007834DA /* AppDelegate.swift */ = {isa = PBXFileReference; lastKnownFileType = sourcecode.swift; path = AppDelegate.swift; sourceTree = "<group>"; };
		3EAC24D11BE2C378007834DA /* ViewController.swift */ = {isa = PBXFileReference; lastKnownFileType = sourcecode.swift; path = ViewController.swift; sourceTree = "<group>"; };
		3EAC24D41BE2C378007834DA /* Base */ = {isa = PBXFileReference; lastKnownFileType = file.storyboard; name = Base; path = Base.lproj/Main.storyboard; sourceTree = "<group>"; };
		3EAC24D61BE2C378007834DA /* Assets.xcassets */ = {isa = PBXFileReference; lastKnownFileType = folder.assetcatalog; path = Assets.xcassets; sourceTree = "<group>"; };
		3EAC24D91BE2C378007834DA /* Base */ = {isa = PBXFileReference; lastKnownFileType = file.storyboard; name = Base; path = Base.lproj/LaunchScreen.storyboard; sourceTree = "<group>"; };
		3EAC24DB1BE2C378007834DA /* Info.plist */ = {isa = PBXFileReference; lastKnownFileType = text.plist.xml; path = Info.plist; sourceTree = "<group>"; };
/* End PBXFileReference section */

/* Begin PBXFrameworksBuildPhase section */
		3EAC24C91BE2C378007834DA /* Frameworks */ = {
			isa = PBXFrameworksBuildPhase;
			buildActionMask = 2147483647;
			files = (
			);
			runOnlyForDeploymentPostprocessing = 0;
		};
/* End PBXFrameworksBuildPhase section */

/* Begin PBXGroup section */
		3EAC24C31BE2C378007834DA = {
			isa = PBXGroup;
			children = (
				3EAC24CE1BE2C378007834DA /* FMHierarchicalSelector */,
				3EAC24CD1BE2C378007834DA /* Products */,
			);
			sourceTree = "<group>";
		};
		3EAC24CD1BE2C378007834DA /* Products */ = {
			isa = PBXGroup;
			children = (
				3EAC24CC1BE2C378007834DA /* FMHierarchicalSelector.app */,
			);
			name = Products;
			sourceTree = "<group>";
		};
		3EAC24CE1BE2C378007834DA /* FMHierarchicalSelector */ = {
			isa = PBXGroup;
			children = (
				3EAC24CF1BE2C378007834DA /* AppDelegate.swift */,
				3EAC24D11BE2C378007834DA /* ViewController.swift */,
				3EAC24D31BE2C378007834DA /* Main.storyboard */,
				3EAC24D61BE2C378007834DA /* Assets.xcassets */,
				3EAC24D81BE2C378007834DA /* LaunchScreen.storyboard */,
				3EAC24DB1BE2C378007834DA /* Info.plist */,
			);
			path = FMHierarchicalSelector;
			sourceTree = "<group>";
		};
/* End PBXGroup section */

/* Begin PBXNativeTarget section */
		3EAC24CB1BE2C378007834DA /* FMHierarchicalSelector */ = {
			isa = PBXNativeTarget;
			buildConfigurationList = 3EAC24DE1BE2C378007834DA /* Build configuration list for PBXNativeTarget "FMHierarchicalSelector" */;
			buildPhases = (
				3EAC24C81BE2C378007834DA /* Sources */,
				3EAC24C91BE2C378007834DA /* Frameworks */,
				3EAC24CA1BE2C378007834DA /* Resources */,
			);
			buildRules = (
			);
			dependencies = (
			);
			name = FMHierarchicalSelector;
			productName = FMHierarchicalSelector;
			productReference = 3EAC24CC1BE2C378007834DA /* FMHierarchicalSelector.app */;
			productType = "com.apple.product-type.application";
		};
/* End PBXNativeTarget section */

/* Begin PBXProject section */
		3EAC24C41BE2C378007834DA /* Project object */ = {
			isa = PBXProject;
			attributes = {
				LastSwiftUpdateCheck = 0710;
				LastUpgradeCheck = 0710;
				ORGANIZATIONNAME = "Simon Gladman";
				TargetAttributes = {
					3EAC24CB1BE2C378007834DA = {
						CreatedOnToolsVersion = 7.1;
					};
				};
			};
			buildConfigurationList = 3EAC24C71BE2C378007834DA /* Build configuration list for PBXProject "FMHierarchicalSelector" */;
			compatibilityVersion = "Xcode 3.2";
			developmentRegion = English;
			hasScannedForEncodings = 0;
			knownRegions = (
				en,
				Base,
			);
			mainGroup = 3EAC24C31BE2C378007834DA;
			productRefGroup = 3EAC24CD1BE2C378007834DA /* Products */;
			projectDirPath = "";
			projectRoot = "";
			targets = (
				3EAC24CB1BE2C378007834DA /* FMHierarchicalSelector */,
			);
		};
/* End PBXProject section */

/* Begin PBXResourcesBuildPhase section */
		3EAC24CA1BE2C378007834DA /* Resources */ = {
			isa = PBXResourcesBuildPhase;
			buildActionMask = 2147483647;
			files = (
				3EAC24DA1BE2C378007834DA /* LaunchScreen.storyboard in Resources */,
				3EAC24D71BE2C378007834DA /* Assets.xcassets in Resources */,
				3EAC24D51BE2C378007834DA /* Main.storyboard in Resources */,
			);
			runOnlyForDeploymentPostprocessing = 0;
		};
/* End PBXResourcesBuildPhase section */

/* Begin PBXSourcesBuildPhase section */
		3EAC24C81BE2C378007834DA /* Sources */ = {
			isa = PBXSourcesBuildPhase;
			buildActionMask = 2147483647;
			files = (
				3EAC24D21BE2C378007834DA /* ViewController.swift in Sources */,
				3EAC24D01BE2C378007834DA /* AppDelegate.swift in Sources */,
			);
			runOnlyForDeploymentPostprocessing = 0;
		};
/* End PBXSourcesBuildPhase section */

/* Begin PBXVariantGroup section */
		3EAC24D31BE2C378007834DA /* Main.storyboard */ = {
			isa = PBXVariantGroup;
			children = (
				3EAC24D41BE2C378007834DA /* Base */,
			);
			name = Main.storyboard;
			sourceTree = "<group>";
		};
		3EAC24D81BE2C378007834DA /* LaunchScreen.storyboard */ = {
			isa = PBXVariantGroup;
			children = (
				3EAC24D91BE2C378007834DA /* Base */,
			);
			name = LaunchScreen.storyboard;
			sourceTree = "<group>";
		};
/* End PBXVariantGroup section */

/* Begin XCBuildConfiguration section */
		3EAC24DC1BE2C378007834DA /* Debug */ = {
			isa = XCBuildConfiguration;
			buildSettings = {
				ALWAYS_SEARCH_USER_PATHS = NO;
				CLANG_CXX_LANGUAGE_STANDARD = "gnu++0x";
				CLANG_CXX_LIBRARY = "libc++";
				CLANG_ENABLE_MODULES = YES;
				CLANG_ENABLE_OBJC_ARC = YES;
				CLANG_WARN_BOOL_CONVERSION = YES;
				CLANG_WARN_CONSTANT_CONVERSION = YES;
				CLANG_WARN_DIRECT_OBJC_ISA_USAGE = YES_ERROR;
				CLANG_WARN_EMPTY_BODY = YES;
				CLANG_WARN_ENUM_CONVERSION = YES;
				CLANG_WARN_INT_CONVERSION = YES;
				CLANG_WARN_OBJC_ROOT_CLASS = YES_ERROR;
				CLANG_WARN_UNREACHABLE_CODE = YES;
				CLANG_WARN__DUPLICATE_METHOD_MATCH = YES;
				"CODE_SIGN_IDENTITY[sdk=iphoneos*]" = "iPhone Developer";
				COPY_PHASE_STRIP = NO;
				DEBUG_INFORMATION_FORMAT = dwarf;
				ENABLE_STRICT_OBJC_MSGSEND = YES;
				ENABLE_TESTABILITY = YES;
				GCC_C_LANGUAGE_STANDARD = gnu99;
				GCC_DYNAMIC_NO_PIC = NO;
				GCC_NO_COMMON_BLOCKS = YES;
				GCC_OPTIMIZATION_LEVEL = 0;
				GCC_PREPROCESSOR_DEFINITIONS = (
					"DEBUG=1",
					"$(inherited)",
				);
				GCC_WARN_64_TO_32_BIT_CONVERSION = YES;
				GCC_WARN_ABOUT_RETURN_TYPE = YES_ERROR;
				GCC_WARN_UNDECLARED_SELECTOR = YES;
				GCC_WARN_UNINITIALIZED_AUTOS = YES_AGGRESSIVE;
				GCC_WARN_UNUSED_FUNCTION = YES;
				GCC_WARN_UNUSED_VARIABLE = YES;
				IPHONEOS_DEPLOYMENT_TARGET = 9.1;
				MTL_ENABLE_DEBUG_INFO = YES;
				ONLY_ACTIVE_ARCH = YES;
				SDKROOT = iphoneos;
				SWIFT_OPTIMIZATION_LEVEL = "-Onone";
				TARGETED_DEVICE_FAMILY = 2;
			};
			name = Debug;
		};
		3EAC24DD1BE2C378007834DA /* Release */ = {
			isa = XCBuildConfiguration;
			buildSettings = {
				ALWAYS_SEARCH_USER_PATHS = NO;
				CLANG_CXX_LANGUAGE_STANDARD = "gnu++0x";
				CLANG_CXX_LIBRARY = "libc++";
				CLANG_ENABLE_MODULES = YES;
				CLANG_ENABLE_OBJC_ARC = YES;
				CLANG_WARN_BOOL_CONVERSION = YES;
				CLANG_WARN_CONSTANT_CONVERSION = YES;
				CLANG_WARN_DIRECT_OBJC_ISA_USAGE = YES_ERROR;
				CLANG_WARN_EMPTY_BODY = YES;
				CLANG_WARN_ENUM_CONVERSION = YES;
				CLANG_WARN_INT_CONVERSION = YES;
				CLANG_WARN_OBJC_ROOT_CLASS = YES_ERROR;
				CLANG_WARN_UNREACHABLE_CODE = YES;
				CLANG_WARN__DUPLICATE_METHOD_MATCH = YES;
				"CODE_SIGN_IDENTITY[sdk=iphoneos*]" = "iPhone Developer";
				COPY_PHASE_STRIP = NO;
				DEBUG_INFORMATION_FORMAT = "dwarf-with-dsym";
				ENABLE_NS_ASSERTIONS = NO;
				ENABLE_STRICT_OBJC_MSGSEND = YES;
				GCC_C_LANGUAGE_STANDARD = gnu99;
				GCC_NO_COMMON_BLOCKS = YES;
				GCC_WARN_64_TO_32_BIT_CONVERSION = YES;
				GCC_WARN_ABOUT_RETURN_TYPE = YES_ERROR;
				GCC_WARN_UNDECLARED_SELECTOR = YES;
				GCC_WARN_UNINITIALIZED_AUTOS = YES_AGGRESSIVE;
				GCC_WARN_UNUSED_FUNCTION = YES;
				GCC_WARN_UNUSED_VARIABLE = YES;
				IPHONEOS_DEPLOYMENT_TARGET = 9.1;
				MTL_ENABLE_DEBUG_INFO = NO;
				SDKROOT = iphoneos;
				TARGETED_DEVICE_FAMILY = 2;
				VALIDATE_PRODUCT = YES;
			};
			name = Release;
		};
		3EAC24DF1BE2C378007834DA /* Debug */ = {
			isa = XCBuildConfiguration;
			buildSettings = {
				ASSETCATALOG_COMPILER_APPICON_NAME = AppIcon;
				INFOPLIST_FILE = FMHierarchicalSelector/Info.plist;
				LD_RUNPATH_SEARCH_PATHS = "$(inherited) @executable_path/Frameworks";
				PRODUCT_BUNDLE_IDENTIFIER = uk.co.flexmonkey.FMHierarchicalSelector;
				PRODUCT_NAME = "$(TARGET_NAME)";
			};
			name = Debug;
		};
		3EAC24E01BE2C378007834DA /* Release */ = {
			isa = XCBuildConfiguration;
			buildSettings = {
				ASSETCATALOG_COMPILER_APPICON_NAME = AppIcon;
				INFOPLIST_FILE = FMHierarchicalSelector/Info.plist;
				LD_RUNPATH_SEARCH_PATHS = "$(inherited) @executable_path/Frameworks";
				PRODUCT_BUNDLE_IDENTIFIER = uk.co.flexmonkey.FMHierarchicalSelector;
				PRODUCT_NAME = "$(TARGET_NAME)";
			};
			name = Release;
		};
/* End XCBuildConfiguration section */

/* Begin XCConfigurationList section */
		3EAC24C71BE2C378007834DA /* Build configuration list for PBXProject "FMHierarchicalSelector" */ = {
			isa = XCConfigurationList;
			buildConfigurations = (
				3EAC24DC1BE2C378007834DA /* Debug */,
				3EAC24DD1BE2C378007834DA /* Release */,
			);
			defaultConfigurationIsVisible = 0;
			defaultConfigurationName = Release;
		};
		3EAC24DE1BE2C378007834DA /* Build configuration list for PBXNativeTarget "FMHierarchicalSelector" */ = {
			isa = XCConfigurationList;
			buildConfigurations = (
				3EAC24DF1BE2C378007834DA /* Debug */,
				3EAC24E01BE2C378007834DA /* Release */,
			);
			defaultConfigurationIsVisible = 0;
		};
/* End XCConfigurationList section */
	};
	rootObject = 3EAC24C41BE2C378007834DA /* Project object */;
}
